
Microsoft Visual Studio Solution File, Format Version 12.00
# Visual Studio Version 17
VisualStudioVersion = 17.9.34622.214
MinimumVisualStudioVersion = 10.0.40219.1
Project("{2150E333-8FDC-42A3-9474-1A3956D46DE8}") = "Services", "Services", "{EC8A9043-C095-434E-90A8-32300FBE90C2}"
EndProject
Project("{2150E333-8FDC-42A3-9474-1A3956D46DE8}") = "Catalog", "Catalog", "{F30A5658-678E-4D5F-8458-57FBF71E35B0}"
EndProject
Project("{9A19103F-16F7-4668-BE54-9A1E7A4F7556}") = "Catalog.API", "Services\Catalog\Catalog.API\Catalog.API.csproj", "{DA8EFE1A-3517-4447-8AAD-FDFF3166E935}"
EndProject
Project("{2150E333-8FDC-42A3-9474-1A3956D46DE8}") = "BuildingBlocks", "BuildingBlocks", "{0DEEEBF5-9236-4081-848B-0226D5952E0C}"
EndProject
Project("{9A19103F-16F7-4668-BE54-9A1E7A4F7556}") = "BuildingBlocks", "BuildingBlocks\BuildingBlocks\BuildingBlocks.csproj", "{E7A16AE2-0563-4FA0-A17F-B3B27C31A366}"
EndProject
Project("{E53339B2-1760-4266-BCC7-CA923CBCF16C}") = "docker-compose", "docker-compose.dcproj", "{0294D990-0136-485D-920D-0DE096F15BD8}"
EndProject
Project("{2150E333-8FDC-42A3-9474-1A3956D46DE8}") = "Basket", "Basket", "{AAFD19EF-AD4A-4061-8862-CA986BF43C10}"
EndProject
Project("{9A19103F-16F7-4668-BE54-9A1E7A4F7556}") = "Basket.API", "Services\Basket.API\Basket.API.csproj", "{E42B05DC-B7FA-4D5F-ABF6-DA36F88C8993}"
EndProject
Project("{2150E333-8FDC-42A3-9474-1A3956D46DE8}") = "Discount", "Discount", "{78E660B8-9790-4775-ACD0-82176E2EF417}"
EndProject
Project("{9A19103F-16F7-4668-BE54-9A1E7A4F7556}") = "Discount.Grpc", "Services\Discount\Discount.Grpc\Discount.Grpc.csproj", "{094E5909-2D93-41BB-BB5E-3C24F316FE56}"
EndProject
Project("{2150E333-8FDC-42A3-9474-1A3956D46DE8}") = "Ordering", "Ordering", "{86AC4548-25BB-4E82-A6B3-DF210D48C932}"
EndProject
Project("{9A19103F-16F7-4668-BE54-9A1E7A4F7556}") = "Ordering.API", "Services\Ordering\Ordering.API\Ordering.API.csproj", "{8C65F3D2-0B3C-4AB5-898B-7A3068CDB335}"
EndProject
Project("{9A19103F-16F7-4668-BE54-9A1E7A4F7556}") = "Ordering.Domain", "Services\Ordering\Ordering.Domain\Ordering.Domain.csproj", "{CC2BBD18-054B-4819-BF1D-E833ACA504A1}"
EndProject
Project("{9A19103F-16F7-4668-BE54-9A1E7A4F7556}") = "Ordering.Application", "Services\Ordering\Ordering.Application\Ordering.Application.csproj", "{087CCA59-7929-4B9D-9B38-CA1F5B1C25EF}"
EndProject
Project("{9A19103F-16F7-4668-BE54-9A1E7A4F7556}") = "Ordering.Infrastructure", "Services\Ordering\Ordering.Infrastructure\Ordering.Infrastructure.csproj", "{86781D1E-FA69-4480-AFE3-E448C773E3F9}"
EndProject
Project("{9A19103F-16F7-4668-BE54-9A1E7A4F7556}") = "BuildingBlocks.Messaging", "..\BuildingBlocks\BuildingBlocks.Messaging\BuildingBlocks.Messaging.csproj", "{A1306505-A996-4B7B-9A6F-2063F50407AD}"
EndProject
Project("{2150E333-8FDC-42A3-9474-1A3956D46DE8}") = "ApiGateways", "ApiGateways", "{41BDC878-2B22-4897-9EB7-21448CCBC05F}"
EndProject
Project("{9A19103F-16F7-4668-BE54-9A1E7A4F7556}") = "YarpApiGateway", "ApiGateways\YarpApiGateway\YarpApiGateway.csproj", "{DA9262F6-E942-4A4C-B594-D853D72D7949}"
EndProject
Project("{2150E333-8FDC-42A3-9474-1A3956D46DE8}") = "WebApps", "WebApps", "{BD8B3A9A-2E97-49D4-9141-56EBBEC4780D}"
EndProject
Project("{9A19103F-16F7-4668-BE54-9A1E7A4F7556}") = "Shopping.Web", "WebApps\Shopping.Web\Shopping.Web.csproj", "{43125F5E-4E02-457C-997A-A555FEAB6386}"
EndProject
Global
	GlobalSection(SolutionConfigurationPlatforms) = preSolution
		Debug|Any CPU = Debug|Any CPU
		Release|Any CPU = Release|Any CPU
	EndGlobalSection
	GlobalSection(ProjectConfigurationPlatforms) = postSolution
		{DA8EFE1A-3517-4447-8AAD-FDFF3166E935}.Debug|Any CPU.ActiveCfg = Debug|Any CPU
		{DA8EFE1A-3517-4447-8AAD-FDFF3166E935}.Debug|Any CPU.Build.0 = Debug|Any CPU
		{DA8EFE1A-3517-4447-8AAD-FDFF3166E935}.Release|Any CPU.ActiveCfg = Release|Any CPU
		{DA8EFE1A-3517-4447-8AAD-FDFF3166E935}.Release|Any CPU.Build.0 = Release|Any CPU
		{E7A16AE2-0563-4FA0-A17F-B3B27C31A366}.Debug|Any CPU.ActiveCfg = Debug|Any CPU
		{E7A16AE2-0563-4FA0-A17F-B3B27C31A366}.Debug|Any CPU.Build.0 = Debug|Any CPU
		{E7A16AE2-0563-4FA0-A17F-B3B27C31A366}.Release|Any CPU.ActiveCfg = Release|Any CPU
		{E7A16AE2-0563-4FA0-A17F-B3B27C31A366}.Release|Any CPU.Build.0 = Release|Any CPU
		{0294D990-0136-485D-920D-0DE096F15BD8}.Debug|Any CPU.ActiveCfg = Debug|Any CPU
		{0294D990-0136-485D-920D-0DE096F15BD8}.Debug|Any CPU.Build.0 = Debug|Any CPU
		{0294D990-0136-485D-920D-0DE096F15BD8}.Release|Any CPU.ActiveCfg = Release|Any CPU
		{0294D990-0136-485D-920D-0DE096F15BD8}.Release|Any CPU.Build.0 = Release|Any CPU
		{E42B05DC-B7FA-4D5F-ABF6-DA36F88C8993}.Debug|Any CPU.ActiveCfg = Debug|Any CPU
		{E42B05DC-B7FA-4D5F-ABF6-DA36F88C8993}.Debug|Any CPU.Build.0 = Debug|Any CPU
		{E42B05DC-B7FA-4D5F-ABF6-DA36F88C8993}.Release|Any CPU.ActiveCfg = Release|Any CPU
		{E42B05DC-B7FA-4D5F-ABF6-DA36F88C8993}.Release|Any CPU.Build.0 = Release|Any CPU
		{094E5909-2D93-41BB-BB5E-3C24F316FE56}.Debug|Any CPU.ActiveCfg = Debug|Any CPU
		{094E5909-2D93-41BB-BB5E-3C24F316FE56}.Debug|Any CPU.Build.0 = Debug|Any CPU
		{094E5909-2D93-41BB-BB5E-3C24F316FE56}.Release|Any CPU.ActiveCfg = Release|Any CPU
		{094E5909-2D93-41BB-BB5E-3C24F316FE56}.Release|Any CPU.Build.0 = Release|Any CPU
		{8C65F3D2-0B3C-4AB5-898B-7A3068CDB335}.Debug|Any CPU.ActiveCfg = Debug|Any CPU
		{8C65F3D2-0B3C-4AB5-898B-7A3068CDB335}.Debug|Any CPU.Build.0 = Debug|Any CPU
		{8C65F3D2-0B3C-4AB5-898B-7A3068CDB335}.Release|Any CPU.ActiveCfg = Release|Any CPU
		{8C65F3D2-0B3C-4AB5-898B-7A3068CDB335}.Release|Any CPU.Build.0 = Release|Any CPU
		{CC2BBD18-054B-4819-BF1D-E833ACA504A1}.Debug|Any CPU.ActiveCfg = Debug|Any CPU
		{CC2BBD18-054B-4819-BF1D-E833ACA504A1}.Debug|Any CPU.Build.0 = Debug|Any CPU
		{CC2BBD18-054B-4819-BF1D-E833ACA504A1}.Release|Any CPU.ActiveCfg = Release|Any CPU
		{CC2BBD18-054B-4819-BF1D-E833ACA504A1}.Release|Any CPU.Build.0 = Release|Any CPU
		{087CCA59-7929-4B9D-9B38-CA1F5B1C25EF}.Debug|Any CPU.ActiveCfg = Debug|Any CPU
		{087CCA59-7929-4B9D-9B38-CA1F5B1C25EF}.Debug|Any CPU.Build.0 = Debug|Any CPU
		{087CCA59-7929-4B9D-9B38-CA1F5B1C25EF}.Release|Any CPU.ActiveCfg = Release|Any CPU
		{087CCA59-7929-4B9D-9B38-CA1F5B1C25EF}.Release|Any CPU.Build.0 = Release|Any CPU
		{86781D1E-FA69-4480-AFE3-E448C773E3F9}.Debug|Any CPU.ActiveCfg = Debug|Any CPU
		{86781D1E-FA69-4480-AFE3-E448C773E3F9}.Debug|Any CPU.Build.0 = Debug|Any CPU
		{86781D1E-FA69-4480-AFE3-E448C773E3F9}.Release|Any CPU.ActiveCfg = Release|Any CPU
		{86781D1E-FA69-4480-AFE3-E448C773E3F9}.Release|Any CPU.Build.0 = Release|Any CPU
		{A1306505-A996-4B7B-9A6F-2063F50407AD}.Debug|Any CPU.ActiveCfg = Debug|Any CPU
		{A1306505-A996-4B7B-9A6F-2063F50407AD}.Debug|Any CPU.Build.0 = Debug|Any CPU
		{A1306505-A996-4B7B-9A6F-2063F50407AD}.Release|Any CPU.ActiveCfg = Release|Any CPU
		{A1306505-A996-4B7B-9A6F-2063F50407AD}.Release|Any CPU.Build.0 = Release|Any CPU
		{DA9262F6-E942-4A4C-B594-D853D72D7949}.Debug|Any CPU.ActiveCfg = Debug|Any CPU
		{DA9262F6-E942-4A4C-B594-D853D72D7949}.Debug|Any CPU.Build.0 = Debug|Any CPU
		{DA9262F6-E942-4A4C-B594-D853D72D7949}.Release|Any CPU.ActiveCfg = Release|Any CPU
		{DA9262F6-E942-4A4C-B594-D853D72D7949}.Release|Any CPU.Build.0 = Release|Any CPU
		{43125F5E-4E02-457C-997A-A555FEAB6386}.Debug|Any CPU.ActiveCfg = Debug|Any CPU
		{43125F5E-4E02-457C-997A-A555FEAB6386}.Debug|Any CPU.Build.0 = Debug|Any CPU
		{43125F5E-4E02-457C-997A-A555FEAB6386}.Release|Any CPU.ActiveCfg = Release|Any CPU
		{43125F5E-4E02-457C-997A-A555FEAB6386}.Release|Any CPU.Build.0 = Release|Any CPU
	EndGlobalSection
	GlobalSection(SolutionProperties) = preSolution
		HideSolutionNode = FALSE
	EndGlobalSection
	GlobalSection(NestedProjects) = preSolution
		{F30A5658-678E-4D5F-8458-57FBF71E35B0} = {EC8A9043-C095-434E-90A8-32300FBE90C2}
		{DA8EFE1A-3517-4447-8AAD-FDFF3166E935} = {F30A5658-678E-4D5F-8458-57FBF71E35B0}
		{E7A16AE2-0563-4FA0-A17F-B3B27C31A366} = {0DEEEBF5-9236-4081-848B-0226D5952E0C}
		{AAFD19EF-AD4A-4061-8862-CA986BF43C10} = {EC8A9043-C095-434E-90A8-32300FBE90C2}
		{E42B05DC-B7FA-4D5F-ABF6-DA36F88C8993} = {AAFD19EF-AD4A-4061-8862-CA986BF43C10}
		{78E660B8-9790-4775-ACD0-82176E2EF417} = {EC8A9043-C095-434E-90A8-32300FBE90C2}
		{094E5909-2D93-41BB-BB5E-3C24F316FE56} = {78E660B8-9790-4775-ACD0-82176E2EF417}
		{86AC4548-25BB-4E82-A6B3-DF210D48C932} = {EC8A9043-C095-434E-90A8-32300FBE90C2}
		{8C65F3D2-0B3C-4AB5-898B-7A3068CDB335} = {86AC4548-25BB-4E82-A6B3-DF210D48C932}
		{CC2BBD18-054B-4819-BF1D-E833ACA504A1} = {86AC4548-25BB-4E82-A6B3-DF210D48C932}
		{087CCA59-7929-4B9D-9B38-CA1F5B1C25EF} = {86AC4548-25BB-4E82-A6B3-DF210D48C932}
		{86781D1E-FA69-4480-AFE3-E448C773E3F9} = {86AC4548-25BB-4E82-A6B3-DF210D48C932}
		{A1306505-A996-4B7B-9A6F-2063F50407AD} = {0DEEEBF5-9236-4081-848B-0226D5952E0C}
		{DA9262F6-E942-4A4C-B594-D853D72D7949} = {41BDC878-2B22-4897-9EB7-21448CCBC05F}
		{43125F5E-4E02-457C-997A-A555FEAB6386} = {BD8B3A9A-2E97-49D4-9141-56EBBEC4780D}
	EndGlobalSection
	GlobalSection(ExtensibilityGlobals) = postSolution
		SolutionGuid = {3855E745-1D76-4BC8-9828-6F77F66ACF3B}
	EndGlobalSection
EndGlobal
